// !$*UTF8*$!
{
	archiveVersion = 1;
	classes = {
	};
	objectVersion = 46;
	objects = {

/* Begin PBXBuildFile section */
		6B7D990C1E773799002E460F /* ItemTableViewCell.swift in Sources */ = {isa = PBXBuildFile; fileRef = 6B7D990B1E773799002E460F /* ItemTableViewCell.swift */; };
		6B7D990E1E77395A002E460F /* Item.swift in Sources */ = {isa = PBXBuildFile; fileRef = 6B7D990D1E77395A002E460F /* Item.swift */; };
		6B7D99101E773A90002E460F /* ItemTableViewController.swift in Sources */ = {isa = PBXBuildFile; fileRef = 6B7D990F1E773A90002E460F /* ItemTableViewController.swift */; };
		6BCD97AC1E688F26006E425E /* AppDelegate.swift in Sources */ = {isa = PBXBuildFile; fileRef = 6BCD97AB1E688F26006E425E /* AppDelegate.swift */; };
		6BCD97AE1E688F26006E425E /* ViewController.swift in Sources */ = {isa = PBXBuildFile; fileRef = 6BCD97AD1E688F26006E425E /* ViewController.swift */; };
		6BCD97B11E688F26006E425E /* Main.storyboard in Resources */ = {isa = PBXBuildFile; fileRef = 6BCD97AF1E688F26006E425E /* Main.storyboard */; };
		6BCD97B31E688F26006E425E /* Assets.xcassets in Resources */ = {isa = PBXBuildFile; fileRef = 6BCD97B21E688F26006E425E /* Assets.xcassets */; };
		6BCD97B61E688F26006E425E /* LaunchScreen.storyboard in Resources */ = {isa = PBXBuildFile; fileRef = 6BCD97B41E688F26006E425E /* LaunchScreen.storyboard */; };
/* End PBXBuildFile section */

/* Begin PBXFileReference section */
		6B7D990B1E773799002E460F /* ItemTableViewCell.swift */ = {isa = PBXFileReference; fileEncoding = 4; lastKnownFileType = sourcecode.swift; path = ItemTableViewCell.swift; sourceTree = "<group>"; };
		6B7D990D1E77395A002E460F /* Item.swift */ = {isa = PBXFileReference; fileEncoding = 4; lastKnownFileType = sourcecode.swift; path = Item.swift; sourceTree = "<group>"; };
		6B7D990F1E773A90002E460F /* ItemTableViewController.swift */ = {isa = PBXFileReference; fileEncoding = 4; lastKnownFileType = sourcecode.swift; path = ItemTableViewController.swift; sourceTree = "<group>"; };
		6BCD97A81E688F26006E425E /* SoloLearn.app */ = {isa = PBXFileReference; explicitFileType = wrapper.application; includeInIndex = 0; path = SoloLearn.app; sourceTree = BUILT_PRODUCTS_DIR; };
		6BCD97AB1E688F26006E425E /* AppDelegate.swift */ = {isa = PBXFileReference; lastKnownFileType = sourcecode.swift; path = AppDelegate.swift; sourceTree = "<group>"; };
		6BCD97AD1E688F26006E425E /* ViewController.swift */ = {isa = PBXFileReference; lastKnownFileType = sourcecode.swift; path = ViewController.swift; sourceTree = "<group>"; };
		6BCD97B01E688F26006E425E /* Base */ = {isa = PBXFileReference; lastKnownFileType = file.storyboard; name = Base; path = Base.lproj/Main.storyboard; sourceTree = "<group>"; };
		6BCD97B21E688F26006E425E /* Assets.xcassets */ = {isa = PBXFileReference; lastKnownFileType = folder.assetcatalog; path = Assets.xcassets; sourceTree = "<group>"; };
		6BCD97B51E688F26006E425E /* Base */ = {isa = PBXFileReference; lastKnownFileType = file.storyboard; name = Base; path = Base.lproj/LaunchScreen.storyboard; sourceTree = "<group>"; };
		6BCD97B71E688F26006E425E /* Info.plist */ = {isa = PBXFileReference; lastKnownFileType = text.plist.xml; path = Info.plist; sourceTree = "<group>"; };
/* End PBXFileReference section */

/* Begin PBXFrameworksBuildPhase section */
		6BCD97A51E688F25006E425E /* Frameworks */ = {
			isa = PBXFrameworksBuildPhase;
			buildActionMask = 2147483647;
			files = (
			);
			runOnlyForDeploymentPostprocessing = 0;
		};
/* End PBXFrameworksBuildPhase section */

/* Begin PBXGroup section */
		6BCD979F1E688F25006E425E = {
			isa = PBXGroup;
			children = (
				6BCD97AA1E688F26006E425E /* SoloLearn */,
				6BCD97A91E688F26006E425E /* Products */,
			);
			sourceTree = "<group>";
		};
		6BCD97A91E688F26006E425E /* Products */ = {
			isa = PBXGroup;
			children = (
				6BCD97A81E688F26006E425E /* SoloLearn.app */,
			);
			name = Products;
			sourceTree = "<group>";
		};
		6BCD97AA1E688F26006E425E /* SoloLearn */ = {
			isa = PBXGroup;
			children = (
				6BCD97AB1E688F26006E425E /* AppDelegate.swift */,
				6BCD97AD1E688F26006E425E /* ViewController.swift */,
				6BCD97AF1E688F26006E425E /* Main.storyboard */,
				6B7D990F1E773A90002E460F /* ItemTableViewController.swift */,
				6B7D990D1E77395A002E460F /* Item.swift */,
				6BCD97B21E688F26006E425E /* Assets.xcassets */,
				6BCD97B41E688F26006E425E /* LaunchScreen.storyboard */,
				6BCD97B71E688F26006E425E /* Info.plist */,
				6B7D990B1E773799002E460F /* ItemTableViewCell.swift */,
			);
			path = SoloLearn;
			sourceTree = "<group>";
		};
/* End PBXGroup section */

/* Begin PBXNativeTarget section */
		6BCD97A71E688F25006E425E /* SoloLearn */ = {
			isa = PBXNativeTarget;
			buildConfigurationList = 6BCD97BA1E688F26006E425E /* Build configuration list for PBXNativeTarget "SoloLearn" */;
			buildPhases = (
				6BCD97A41E688F25006E425E /* Sources */,
				6BCD97A51E688F25006E425E /* Frameworks */,
				6BCD97A61E688F25006E425E /* Resources */,
			);
			buildRules = (
			);
			dependencies = (
			);
			name = SoloLearn;
			productName = SoloLearn;
			productReference = 6BCD97A81E688F26006E425E /* SoloLearn.app */;
			productType = "com.apple.product-type.application";
		};
/* End PBXNativeTarget section */

/* Begin PBXProject section */
		6BCD97A01E688F25006E425E /* Project object */ = {
			isa = PBXProject;
			attributes = {
				LastSwiftUpdateCheck = 0820;
				LastUpgradeCheck = 0820;
				ORGANIZATIONNAME = "Семен Пилюков";
				TargetAttributes = {
					6BCD97A71E688F25006E425E = {
						CreatedOnToolsVersion = 8.2.1;
						DevelopmentTeam = CWG97A5U97;
						ProvisioningStyle = Automatic;
					};
				};
			};
			buildConfigurationList = 6BCD97A31E688F25006E425E /* Build configuration list for PBXProject "SoloLearn" */;
			compatibilityVersion = "Xcode 3.2";
			developmentRegion = English;
			hasScannedForEncodings = 0;
			knownRegions = (
				en,
				Base,
			);
			mainGroup = 6BCD979F1E688F25006E425E;
			productRefGroup = 6BCD97A91E688F26006E425E /* Products */;
			projectDirPath = "";
			projectRoot = "";
			targets = (
				6BCD97A71E688F25006E425E /* SoloLearn */,
			);
		};
/* End PBXProject section */

/* Begin PBXResourcesBuildPhase section */
		6BCD97A61E688F25006E425E /* Resources */ = {
			isa = PBXResourcesBuildPhase;
			buildActionMask = 2147483647;
			files = (
				6BCD97B61E688F26006E425E /* LaunchScreen.storyboard in Resources */,
				6BCD97B31E688F26006E425E /* Assets.xcassets in Resources */,
				6BCD97B11E688F26006E425E /* Main.storyboard in Resources */,
			);
			runOnlyForDeploymentPostprocessing = 0;
		};
/* End PBXResourcesBuildPhase section */

/* Begin PBXSourcesBuildPhase section */
		6BCD97A41E688F25006E425E /* Sources */ = {
			isa = PBXSourcesBuildPhase;
			buildActionMask = 2147483647;
			files = (
				6B7D99101E773A90002E460F /* ItemTableViewController.swift in Sources */,
				6B7D990E1E77395A002E460F /* Item.swift in Sources */,
				6BCD97AE1E688F26006E425E /* ViewController.swift in Sources */,
				6B7D990C1E773799002E460F /* ItemTableViewCell.swift in Sources */,
				6BCD97AC1E688F26006E425E /* AppDelegate.swift in Sources */,
			);
			runOnlyForDeploymentPostprocessing = 0;
		};
/* End PBXSourcesBuildPhase section */

/* Begin PBXVariantGroup section */
		6BCD97AF1E688F26006E425E /* Main.storyboard */ = {
			isa = PBXVariantGroup;
			children = (
				6BCD97B01E688F26006E425E /* Base */,
			);
			name = Main.storyboard;
			sourceTree = "<group>";
		};
		6BCD97B41E688F26006E425E /* LaunchScreen.storyboard */ = {
			isa = PBXVariantGroup;
			children = (
				6BCD97B51E688F26006E425E /* Base */,
			);
			name = LaunchScreen.storyboard;
			sourceTree = "<group>";
		};
/* End PBXVariantGroup section */

/* Begin XCBuildConfiguration section */
		6BCD97B81E688F26006E425E /* Debug */ = {
			isa = XCBuildConfiguration;
			buildSettings = {
				ALWAYS_SEARCH_USER_PATHS = NO;
				CLANG_ANALYZER_NONNULL = YES;
				CLANG_CXX_LANGUAGE_STANDARD = "gnu++0x";
				CLANG_CXX_LIBRARY = "libc++";
				CLANG_ENABLE_MODULES = YES;
				CLANG_ENABLE_OBJC_ARC = YES;
				CLANG_WARN_BOOL_CONVERSION = YES;
				CLANG_WARN_CONSTANT_CONVERSION = YES;
				CLANG_WARN_DIRECT_OBJC_ISA_USAGE = YES_ERROR;
				CLANG_WARN_DOCUMENTATION_COMMENTS = YES;
				CLANG_WARN_EMPTY_BODY = YES;
				CLANG_WARN_ENUM_CONVERSION = YES;
				CLANG_WARN_INFINITE_RECURSION = YES;
				CLANG_WARN_INT_CONVERSION = YES;
				CLANG_WARN_OBJC_ROOT_CLASS = YES_ERROR;
				CLANG_WARN_SUSPICIOUS_MOVE = YES;
				CLANG_WARN_UNREACHABLE_CODE = YES;
				CLANG_WARN__DUPLICATE_METHOD_MATCH = YES;
				"CODE_SIGN_IDENTITY[sdk=iphoneos*]" = "iPhone Developer";
				COPY_PHASE_STRIP = NO;
				DEBUG_INFORMATION_FORMAT = dwarf;
				ENABLE_STRICT_OBJC_MSGSEND = YES;
				ENABLE_TESTABILITY = YES;
				GCC_C_LANGUAGE_STANDARD = gnu99;
				GCC_DYNAMIC_NO_PIC = NO;
				GCC_NO_COMMON_BLOCKS = YES;
				GCC_OPTIMIZATION_LEVEL = 0;
				GCC_PREPROCESSOR_DEFINITIONS = (
					"DEBUG=1",
					"$(inherited)",
				);
				GCC_WARN_64_TO_32_BIT_CONVERSION = YES;
				GCC_WARN_ABOUT_RETURN_TYPE = YES_ERROR;
				GCC_WARN_UNDECLARED_SELECTOR = YES;
				GCC_WARN_UNINITIALIZED_AUTOS = YES_AGGRESSIVE;
				GCC_WARN_UNUSED_FUNCTION = YES;
				GCC_WARN_UNUSED_VARIABLE = YES;
				IPHONEOS_DEPLOYMENT_TARGET = 10.2;
				MTL_ENABLE_DEBUG_INFO = YES;
				ONLY_ACTIVE_ARCH = YES;
				SDKROOT = iphoneos;
				SWIFT_ACTIVE_COMPILATION_CONDITIONS = DEBUG;
				SWIFT_OPTIMIZATION_LEVEL = "-Onone";
				TARGETED_DEVICE_FAMILY = "1,2";
			};
			name = Debug;
		};
		6BCD97B91E688F26006E425E /* Release */ = {
			isa = XCBuildConfiguration;
			buildSettings = {
				ALWAYS_SEARCH_USER_PATHS = NO;
				CLANG_ANALYZER_NONNULL = YES;
				CLANG_CXX_LANGUAGE_STANDARD = "gnu++0x";
				CLANG_CXX_LIBRARY = "libc++";
				CLANG_ENABLE_MODULES = YES;
				CLANG_ENABLE_OBJC_ARC = YES;
				CLANG_WARN_BOOL_CONVERSION = YES;
				CLANG_WARN_CONSTANT_CONVERSION = YES;
				CLANG_WARN_DIRECT_OBJC_ISA_USAGE = YES_ERROR;
				CLANG_WARN_DOCUMENTATION_COMMENTS = YES;
				CLANG_WARN_EMPTY_BODY = YES;
				CLANG_WARN_ENUM_CONVERSION = YES;
				CLANG_WARN_INFINITE_RECURSION = YES;
				CLANG_WARN_INT_CONVERSION = YES;
				CLANG_WARN_OBJC_ROOT_CLASS = YES_ERROR;
				CLANG_WARN_SUSPICIOUS_MOVE = YES;
				CLANG_WARN_UNREACHABLE_CODE = YES;
				CLANG_WARN__DUPLICATE_METHOD_MATCH = YES;
				"CODE_SIGN_IDENTITY[sdk=iphoneos*]" = "iPhone Developer";
				COPY_PHASE_STRIP = NO;
				DEBUG_INFORMATION_FORMAT = "dwarf-with-dsym";
				ENABLE_NS_ASSERTIONS = NO;
				ENABLE_STRICT_OBJC_MSGSEND = YES;
				GCC_C_LANGUAGE_STANDARD = gnu99;
				GCC_NO_COMMON_BLOCKS = YES;
				GCC_WARN_64_TO_32_BIT_CONVERSION = YES;
				GCC_WARN_ABOUT_RETURN_TYPE = YES_ERROR;
				GCC_WARN_UNDECLARED_SELECTOR = YES;
				GCC_WARN_UNINITIALIZED_AUTOS = YES_AGGRESSIVE;
				GCC_WARN_UNUSED_FUNCTION = YES;
				GCC_WARN_UNUSED_VARIABLE = YES;
				IPHONEOS_DEPLOYMENT_TARGET = 10.2;
				MTL_ENABLE_DEBUG_INFO = NO;
				SDKROOT = iphoneos;
				SWIFT_OPTIMIZATION_LEVEL = "-Owholemodule";
				TARGETED_DEVICE_FAMILY = "1,2";
				VALIDATE_PRODUCT = YES;
			};
			name = Release;
		};
		6BCD97BB1E688F26006E425E /* Debug */ = {
			isa = XCBuildConfiguration;
			buildSettings = {
				ASSETCATALOG_COMPILER_APPICON_NAME = AppIcon;
				DEVELOPMENT_TEAM = CWG97A5U97;
				INFOPLIST_FILE = SoloLearn/Info.plist;
				LD_RUNPATH_SEARCH_PATHS = "$(inherited) @executable_path/Frameworks";
				PRODUCT_BUNDLE_IDENTIFIER = com.Apple.SoloLearn;
				PRODUCT_NAME = "$(TARGET_NAME)";
				SWIFT_VERSION = 3.0;
			};
			name = Debug;
		};
		6BCD97BC1E688F26006E425E /* Release */ = {
			isa = XCBuildConfiguration;
			buildSettings = {
				ASSETCATALOG_COMPILER_APPICON_NAME = AppIcon;
				DEVELOPMENT_TEAM = CWG97A5U97;
				INFOPLIST_FILE = SoloLearn/Info.plist;
				LD_RUNPATH_SEARCH_PATHS = "$(inherited) @executable_path/Frameworks";
				PRODUCT_BUNDLE_IDENTIFIER = com.Apple.SoloLearn;
				PRODUCT_NAME = "$(TARGET_NAME)";
				SWIFT_VERSION = 3.0;
			};
			name = Release;
		};
/* End XCBuildConfiguration section */

/* Begin XCConfigurationList section */
		6BCD97A31E688F25006E425E /* Build configuration list for PBXProject "SoloLearn" */ = {
			isa = XCConfigurationList;
			buildConfigurations = (
				6BCD97B81E688F26006E425E /* Debug */,
				6BCD97B91E688F26006E425E /* Release */,
			);
			defaultConfigurationIsVisible = 0;
			defaultConfigurationName = Release;
		};
		6BCD97BA1E688F26006E425E /* Build configuration list for PBXNativeTarget "SoloLearn" */ = {
			isa = XCConfigurationList;
			buildConfigurations = (
				6BCD97BB1E688F26006E425E /* Debug */,
				6BCD97BC1E688F26006E425E /* Release */,
			);
			defaultConfigurationIsVisible = 0;
			defaultConfigurationName = Release;
		};
/* End XCConfigurationList section */
	};
	rootObject = 6BCD97A01E688F25006E425E /* Project object */;
}
